{
  "name": "aoc18",
  "version": "0.0.1",
  "lockfileVersion": 1,
  "requires": true,
  "dependencies": {
    "set-tz": {
      "version": "0.1.0",
      "resolved": "https://registry.npmjs.org/set-tz/-/set-tz-0.1.0.tgz",
      "integrity": "sha512-0RH33+YhP5Q3jpZqYqL3ePmmctXtDWbFlAtPqdScQe/Wv+JGq5YOkV1h2UZz/MoH1tv0JMssfr+xGGn2DrlsAg=="
    }
  }
}
